// !$*UTF8*$!
{
	archiveVersion = 1;
	classes = {
	};
	objectVersion = 56;
	objects = {

/* Begin PBXBuildFile section */
		3D5C1EEA2C136B5200AA9F79 /* SettingsViewController.swift in Sources */ = {isa = PBXBuildFile; fileRef = 3D5C1EE92C136B5200AA9F79 /* SettingsViewController.swift */; };
		3D5C1EEC2C13723800AA9F79 /* SettingTableViewCell.swift in Sources */ = {isa = PBXBuildFile; fileRef = 3D5C1EEB2C13723800AA9F79 /* SettingTableViewCell.swift */; };
		3DBB78B82C1175D300210EC5 /* AppDelegate.swift in Sources */ = {isa = PBXBuildFile; fileRef = 3DBB78B72C1175D300210EC5 /* AppDelegate.swift */; };
		3DBB78BA2C1175D300210EC5 /* SceneDelegate.swift in Sources */ = {isa = PBXBuildFile; fileRef = 3DBB78B92C1175D300210EC5 /* SceneDelegate.swift */; };
		3DBB78C12C1175D400210EC5 /* Assets.xcassets in Resources */ = {isa = PBXBuildFile; fileRef = 3DBB78C02C1175D400210EC5 /* Assets.xcassets */; };
		3DBB78C42C1175D400210EC5 /* LaunchScreen.storyboard in Resources */ = {isa = PBXBuildFile; fileRef = 3DBB78C22C1175D400210EC5 /* LaunchScreen.storyboard */; };
		3DBB78CD2C1175F100210EC5 /* SnapKit in Frameworks */ = {isa = PBXBuildFile; productRef = 3DBB78CC2C1175F100210EC5 /* SnapKit */; };
		3DBB78CF2C1175F100210EC5 /* SnapKit-Dynamic in Frameworks */ = {isa = PBXBuildFile; productRef = 3DBB78CE2C1175F100210EC5 /* SnapKit-Dynamic */; };
		3DBB78D22C11760500210EC5 /* SDWebImage in Frameworks */ = {isa = PBXBuildFile; productRef = 3DBB78D12C11760500210EC5 /* SDWebImage */; };
		3DBB78D42C11760500210EC5 /* SDWebImageMapKit in Frameworks */ = {isa = PBXBuildFile; productRef = 3DBB78D32C11760500210EC5 /* SDWebImageMapKit */; };
		3DBB78D72C1176E500210EC5 /* FirebaseAnalytics in Frameworks */ = {isa = PBXBuildFile; productRef = 3DBB78D62C1176E500210EC5 /* FirebaseAnalytics */; };
		3DBB78D92C1176E500210EC5 /* FirebaseAnalyticsOnDeviceConversion in Frameworks */ = {isa = PBXBuildFile; productRef = 3DBB78D82C1176E500210EC5 /* FirebaseAnalyticsOnDeviceConversion */; };
		3DBB78DB2C1176E500210EC5 /* FirebaseAnalyticsSwift in Frameworks */ = {isa = PBXBuildFile; productRef = 3DBB78DA2C1176E500210EC5 /* FirebaseAnalyticsSwift */; };
		3DBB78DD2C1176E500210EC5 /* FirebaseAnalyticsWithoutAdIdSupport in Frameworks */ = {isa = PBXBuildFile; productRef = 3DBB78DC2C1176E500210EC5 /* FirebaseAnalyticsWithoutAdIdSupport */; };
		3DBB78DF2C1176E500210EC5 /* FirebaseAppCheck in Frameworks */ = {isa = PBXBuildFile; productRef = 3DBB78DE2C1176E500210EC5 /* FirebaseAppCheck */; };
		3DBB78E22C11770300210EC5 /* FirebaseAuth in Frameworks */ = {isa = PBXBuildFile; productRef = 3DBB78E12C11770300210EC5 /* FirebaseAuth */; };
		3DBB78E52C11778000210EC5 /* ErrorAllert.swift in Sources */ = {isa = PBXBuildFile; fileRef = 3DBB78E42C11778000210EC5 /* ErrorAllert.swift */; };
		3DBB78E82C11779800210EC5 /* Frontend.swift in Sources */ = {isa = PBXBuildFile; fileRef = 3DBB78E72C11779800210EC5 /* Frontend.swift */; };
		3DBB78F42C1177B800210EC5 /* PhotosCollectionViewController.swift in Sources */ = {isa = PBXBuildFile; fileRef = 3DBB78EB2C1177B800210EC5 /* PhotosCollectionViewController.swift */; };
		3DBB78F52C1177B800210EC5 /* LikesCollectionViewController.swift in Sources */ = {isa = PBXBuildFile; fileRef = 3DBB78ED2C1177B800210EC5 /* LikesCollectionViewController.swift */; };
		3DBB78F62C1177B800210EC5 /* LikesCollectionViewCell.swift in Sources */ = {isa = PBXBuildFile; fileRef = 3DBB78EE2C1177B800210EC5 /* LikesCollectionViewCell.swift */; };
		3DBB78F72C1177B800210EC5 /* PhotosCell.swift in Sources */ = {isa = PBXBuildFile; fileRef = 3DBB78EF2C1177B800210EC5 /* PhotosCell.swift */; };
		3DBB78F82C1177B800210EC5 /* WaterfallLayout.swift in Sources */ = {isa = PBXBuildFile; fileRef = 3DBB78F02C1177B800210EC5 /* WaterfallLayout.swift */; };
		3DBB78F92C1177B800210EC5 /* LoginViewController.swift in Sources */ = {isa = PBXBuildFile; fileRef = 3DBB78F22C1177B800210EC5 /* LoginViewController.swift */; };
		3DBB78FA2C1177B800210EC5 /* RegisterViewController.swift in Sources */ = {isa = PBXBuildFile; fileRef = 3DBB78F32C1177B800210EC5 /* RegisterViewController.swift */; };
		3DBB78FF2C1177C600210EC5 /* Users.swift in Sources */ = {isa = PBXBuildFile; fileRef = 3DBB78FD2C1177C600210EC5 /* Users.swift */; };
		3DBB79002C1177C600210EC5 /* SearchResults.swift in Sources */ = {isa = PBXBuildFile; fileRef = 3DBB78FE2C1177C600210EC5 /* SearchResults.swift */; };
		3DBB79022C1177FA00210EC5 /* MainTabBarController.swift in Sources */ = {isa = PBXBuildFile; fileRef = 3DBB79012C1177FA00210EC5 /* MainTabBarController.swift */; };
		3DBB79042C11780000210EC5 /* NavigationViewController.swift in Sources */ = {isa = PBXBuildFile; fileRef = 3DBB79032C11780000210EC5 /* NavigationViewController.swift */; };
		3DBB79072C11789D00210EC5 /* UIKit + Extension.swift in Sources */ = {isa = PBXBuildFile; fileRef = 3DBB79062C11789D00210EC5 /* UIKit + Extension.swift */; };
		3DBB790B2C1178A400210EC5 /* NetworkService.swift in Sources */ = {isa = PBXBuildFile; fileRef = 3DBB79092C1178A400210EC5 /* NetworkService.swift */; };
		3DBB790C2C1178A400210EC5 /* NetworkDataFetcher.swift in Sources */ = {isa = PBXBuildFile; fileRef = 3DBB790A2C1178A400210EC5 /* NetworkDataFetcher.swift */; };
		3DBB790E2C1179B300210EC5 /* GoogleService-Info.plist in Resources */ = {isa = PBXBuildFile; fileRef = 3DBB790D2C1179B300210EC5 /* GoogleService-Info.plist */; };
/* End PBXBuildFile section */

/* Begin PBXFileReference section */
		3D5C1EE92C136B5200AA9F79 /* SettingsViewController.swift */ = {isa = PBXFileReference; lastKnownFileType = sourcecode.swift; path = SettingsViewController.swift; sourceTree = "<group>"; };
		3D5C1EEB2C13723800AA9F79 /* SettingTableViewCell.swift */ = {isa = PBXFileReference; lastKnownFileType = sourcecode.swift; path = SettingTableViewCell.swift; sourceTree = "<group>"; };
		3DBB78B42C1175D300210EC5 /* MyCollecgWork.app */ = {isa = PBXFileReference; explicitFileType = wrapper.application; includeInIndex = 0; path = MyCollecgWork.app; sourceTree = BUILT_PRODUCTS_DIR; };
		3DBB78B72C1175D300210EC5 /* AppDelegate.swift */ = {isa = PBXFileReference; lastKnownFileType = sourcecode.swift; path = AppDelegate.swift; sourceTree = "<group>"; };
		3DBB78B92C1175D300210EC5 /* SceneDelegate.swift */ = {isa = PBXFileReference; lastKnownFileType = sourcecode.swift; path = SceneDelegate.swift; sourceTree = "<group>"; };
		3DBB78C02C1175D400210EC5 /* Assets.xcassets */ = {isa = PBXFileReference; lastKnownFileType = folder.assetcatalog; path = Assets.xcassets; sourceTree = "<group>"; };
		3DBB78C32C1175D400210EC5 /* Base */ = {isa = PBXFileReference; lastKnownFileType = file.storyboard; name = Base; path = Base.lproj/LaunchScreen.storyboard; sourceTree = "<group>"; };
		3DBB78C52C1175D400210EC5 /* Info.plist */ = {isa = PBXFileReference; lastKnownFileType = text.plist.xml; path = Info.plist; sourceTree = "<group>"; };
		3DBB78E42C11778000210EC5 /* ErrorAllert.swift */ = {isa = PBXFileReference; fileEncoding = 4; lastKnownFileType = sourcecode.swift; path = ErrorAllert.swift; sourceTree = "<group>"; };
		3DBB78E72C11779800210EC5 /* Frontend.swift */ = {isa = PBXFileReference; fileEncoding = 4; lastKnownFileType = sourcecode.swift; path = Frontend.swift; sourceTree = "<group>"; };
		3DBB78EB2C1177B800210EC5 /* PhotosCollectionViewController.swift */ = {isa = PBXFileReference; fileEncoding = 4; lastKnownFileType = sourcecode.swift; path = PhotosCollectionViewController.swift; sourceTree = "<group>"; };
		3DBB78ED2C1177B800210EC5 /* LikesCollectionViewController.swift */ = {isa = PBXFileReference; fileEncoding = 4; lastKnownFileType = sourcecode.swift; path = LikesCollectionViewController.swift; sourceTree = "<group>"; };
		3DBB78EE2C1177B800210EC5 /* LikesCollectionViewCell.swift */ = {isa = PBXFileReference; fileEncoding = 4; lastKnownFileType = sourcecode.swift; path = LikesCollectionViewCell.swift; sourceTree = "<group>"; };
		3DBB78EF2C1177B800210EC5 /* PhotosCell.swift */ = {isa = PBXFileReference; fileEncoding = 4; lastKnownFileType = sourcecode.swift; path = PhotosCell.swift; sourceTree = "<group>"; };
		3DBB78F02C1177B800210EC5 /* WaterfallLayout.swift */ = {isa = PBXFileReference; fileEncoding = 4; lastKnownFileType = sourcecode.swift; path = WaterfallLayout.swift; sourceTree = "<group>"; };
		3DBB78F22C1177B800210EC5 /* LoginViewController.swift */ = {isa = PBXFileReference; fileEncoding = 4; lastKnownFileType = sourcecode.swift; path = LoginViewController.swift; sourceTree = "<group>"; };
		3DBB78F32C1177B800210EC5 /* RegisterViewController.swift */ = {isa = PBXFileReference; fileEncoding = 4; lastKnownFileType = sourcecode.swift; path = RegisterViewController.swift; sourceTree = "<group>"; };
		3DBB78FD2C1177C600210EC5 /* Users.swift */ = {isa = PBXFileReference; fileEncoding = 4; lastKnownFileType = sourcecode.swift; path = Users.swift; sourceTree = "<group>"; };
		3DBB78FE2C1177C600210EC5 /* SearchResults.swift */ = {isa = PBXFileReference; fileEncoding = 4; lastKnownFileType = sourcecode.swift; path = SearchResults.swift; sourceTree = "<group>"; };
		3DBB79012C1177FA00210EC5 /* MainTabBarController.swift */ = {isa = PBXFileReference; fileEncoding = 4; lastKnownFileType = sourcecode.swift; path = MainTabBarController.swift; sourceTree = "<group>"; };
		3DBB79032C11780000210EC5 /* NavigationViewController.swift */ = {isa = PBXFileReference; fileEncoding = 4; lastKnownFileType = sourcecode.swift; path = NavigationViewController.swift; sourceTree = "<group>"; };
		3DBB79062C11789D00210EC5 /* UIKit + Extension.swift */ = {isa = PBXFileReference; fileEncoding = 4; lastKnownFileType = sourcecode.swift; path = "UIKit + Extension.swift"; sourceTree = "<group>"; };
		3DBB79092C1178A400210EC5 /* NetworkService.swift */ = {isa = PBXFileReference; fileEncoding = 4; lastKnownFileType = sourcecode.swift; path = NetworkService.swift; sourceTree = "<group>"; };
		3DBB790A2C1178A400210EC5 /* NetworkDataFetcher.swift */ = {isa = PBXFileReference; fileEncoding = 4; lastKnownFileType = sourcecode.swift; path = NetworkDataFetcher.swift; sourceTree = "<group>"; };
		3DBB790D2C1179B300210EC5 /* GoogleService-Info.plist */ = {isa = PBXFileReference; fileEncoding = 4; lastKnownFileType = text.plist.xml; path = "GoogleService-Info.plist"; sourceTree = "<group>"; };
/* End PBXFileReference section */

/* Begin PBXFrameworksBuildPhase section */
		3DBB78B12C1175D200210EC5 /* Frameworks */ = {
			isa = PBXFrameworksBuildPhase;
			buildActionMask = 2147483647;
			files = (
				3DBB78D22C11760500210EC5 /* SDWebImage in Frameworks */,
				3DBB78E22C11770300210EC5 /* FirebaseAuth in Frameworks */,
				3DBB78D92C1176E500210EC5 /* FirebaseAnalyticsOnDeviceConversion in Frameworks */,
				3DBB78CD2C1175F100210EC5 /* SnapKit in Frameworks */,
				3DBB78D42C11760500210EC5 /* SDWebImageMapKit in Frameworks */,
				3DBB78DB2C1176E500210EC5 /* FirebaseAnalyticsSwift in Frameworks */,
				3DBB78D72C1176E500210EC5 /* FirebaseAnalytics in Frameworks */,
				3DBB78CF2C1175F100210EC5 /* SnapKit-Dynamic in Frameworks */,
				3DBB78DF2C1176E500210EC5 /* FirebaseAppCheck in Frameworks */,
				3DBB78DD2C1176E500210EC5 /* FirebaseAnalyticsWithoutAdIdSupport in Frameworks */,
			);
			runOnlyForDeploymentPostprocessing = 0;
		};
/* End PBXFrameworksBuildPhase section */

/* Begin PBXGroup section */
		3D5C1EE82C136B1800AA9F79 /* Settings */ = {
			isa = PBXGroup;
			children = (
				3D5C1EE92C136B5200AA9F79 /* SettingsViewController.swift */,
				3D5C1EEB2C13723800AA9F79 /* SettingTableViewCell.swift */,
			);
			path = Settings;
			sourceTree = "<group>";
		};
		3DBB78AB2C1175D200210EC5 = {
			isa = PBXGroup;
			children = (
				3DBB78B62C1175D300210EC5 /* MyCollecgWork */,
				3DBB78B52C1175D300210EC5 /* Products */,
				3DBB78E02C11770300210EC5 /* Frameworks */,
			);
			sourceTree = "<group>";
		};
		3DBB78B52C1175D300210EC5 /* Products */ = {
			isa = PBXGroup;
			children = (
				3DBB78B42C1175D300210EC5 /* MyCollecgWork.app */,
			);
			name = Products;
			sourceTree = "<group>";
		};
		3DBB78B62C1175D300210EC5 /* MyCollecgWork */ = {
			isa = PBXGroup;
			children = (
				3DBB79082C1178A400210EC5 /* Service */,
				3DBB79052C11789D00210EC5 /* Helpers */,
				3DBB78FC2C1177C600210EC5 /* Model */,
				3DBB78FB2C1177C000210EC5 /* View */,
				3DBB78E92C1177B800210EC5 /* Controller */,
				3DBB78E62C11779800210EC5 /* Composition  */,
				3DBB78E32C11778000210EC5 /* Singleton */,
				3DBB78B72C1175D300210EC5 /* AppDelegate.swift */,
				3DBB78B92C1175D300210EC5 /* SceneDelegate.swift */,
				3DBB78C02C1175D400210EC5 /* Assets.xcassets */,
				3DBB78C22C1175D400210EC5 /* LaunchScreen.storyboard */,
				3DBB78C52C1175D400210EC5 /* Info.plist */,
				3DBB790D2C1179B300210EC5 /* GoogleService-Info.plist */,
				3DBB79012C1177FA00210EC5 /* MainTabBarController.swift */,
				3DBB79032C11780000210EC5 /* NavigationViewController.swift */,
			);
			path = MyCollecgWork;
			sourceTree = "<group>";
		};
		3DBB78E02C11770300210EC5 /* Frameworks */ = {
			isa = PBXGroup;
			children = (
			);
			name = Frameworks;
			sourceTree = "<group>";
		};
		3DBB78E32C11778000210EC5 /* Singleton */ = {
			isa = PBXGroup;
			children = (
				3DBB78E42C11778000210EC5 /* ErrorAllert.swift */,
			);
			path = Singleton;
			sourceTree = "<group>";
		};
		3DBB78E62C11779800210EC5 /* Composition  */ = {
			isa = PBXGroup;
			children = (
				3DBB78E72C11779800210EC5 /* Frontend.swift */,
			);
			path = "Composition ";
			sourceTree = "<group>";
		};
		3DBB78E92C1177B800210EC5 /* Controller */ = {
			isa = PBXGroup;
			children = (
				3D5C1EE82C136B1800AA9F79 /* Settings */,
				3DBB78EA2C1177B800210EC5 /* Photos */,
				3DBB78F12C1177B800210EC5 /* Login */,
			);
			path = Controller;
			sourceTree = "<group>";
		};
		3DBB78EA2C1177B800210EC5 /* Photos */ = {
			isa = PBXGroup;
			children = (
				3DBB78EB2C1177B800210EC5 /* PhotosCollectionViewController.swift */,
				3DBB78EC2C1177B800210EC5 /* Likes */,
				3DBB78EF2C1177B800210EC5 /* PhotosCell.swift */,
				3DBB78F02C1177B800210EC5 /* WaterfallLayout.swift */,
			);
			path = Photos;
			sourceTree = "<group>";
		};
		3DBB78EC2C1177B800210EC5 /* Likes */ = {
			isa = PBXGroup;
			children = (
				3DBB78ED2C1177B800210EC5 /* LikesCollectionViewController.swift */,
				3DBB78EE2C1177B800210EC5 /* LikesCollectionViewCell.swift */,
			);
			path = Likes;
			sourceTree = "<group>";
		};
		3DBB78F12C1177B800210EC5 /* Login */ = {
			isa = PBXGroup;
			children = (
				3DBB78F22C1177B800210EC5 /* LoginViewController.swift */,
				3DBB78F32C1177B800210EC5 /* RegisterViewController.swift */,
			);
			path = Login;
			sourceTree = "<group>";
		};
		3DBB78FB2C1177C000210EC5 /* View */ = {
			isa = PBXGroup;
			children = (
			);
			path = View;
			sourceTree = "<group>";
		};
		3DBB78FC2C1177C600210EC5 /* Model */ = {
			isa = PBXGroup;
			children = (
				3DBB78FD2C1177C600210EC5 /* Users.swift */,
				3DBB78FE2C1177C600210EC5 /* SearchResults.swift */,
			);
			path = Model;
			sourceTree = "<group>";
		};
		3DBB79052C11789D00210EC5 /* Helpers */ = {
			isa = PBXGroup;
			children = (
				3DBB79062C11789D00210EC5 /* UIKit + Extension.swift */,
			);
			path = Helpers;
			sourceTree = "<group>";
		};
		3DBB79082C1178A400210EC5 /* Service */ = {
			isa = PBXGroup;
			children = (
				3DBB79092C1178A400210EC5 /* NetworkService.swift */,
				3DBB790A2C1178A400210EC5 /* NetworkDataFetcher.swift */,
			);
			path = Service;
			sourceTree = "<group>";
		};
/* End PBXGroup section */

/* Begin PBXNativeTarget section */
		3DBB78B32C1175D200210EC5 /* MyCollecgWork */ = {
			isa = PBXNativeTarget;
			buildConfigurationList = 3DBB78C82C1175D400210EC5 /* Build configuration list for PBXNativeTarget "MyCollecgWork" */;
			buildPhases = (
				3DBB78B02C1175D200210EC5 /* Sources */,
				3DBB78B12C1175D200210EC5 /* Frameworks */,
				3DBB78B22C1175D200210EC5 /* Resources */,
			);
			buildRules = (
			);
			dependencies = (
			);
			name = MyCollecgWork;
			packageProductDependencies = (
				3DBB78CC2C1175F100210EC5 /* SnapKit */,
				3DBB78CE2C1175F100210EC5 /* SnapKit-Dynamic */,
				3DBB78D12C11760500210EC5 /* SDWebImage */,
				3DBB78D32C11760500210EC5 /* SDWebImageMapKit */,
				3DBB78D62C1176E500210EC5 /* FirebaseAnalytics */,
				3DBB78D82C1176E500210EC5 /* FirebaseAnalyticsOnDeviceConversion */,
				3DBB78DA2C1176E500210EC5 /* FirebaseAnalyticsSwift */,
				3DBB78DC2C1176E500210EC5 /* FirebaseAnalyticsWithoutAdIdSupport */,
				3DBB78DE2C1176E500210EC5 /* FirebaseAppCheck */,
				3DBB78E12C11770300210EC5 /* FirebaseAuth */,
			);
			productName = MyCollecgWork;
			productReference = 3DBB78B42C1175D300210EC5 /* MyCollecgWork.app */;
			productType = "com.apple.product-type.application";
		};
/* End PBXNativeTarget section */

/* Begin PBXProject section */
		3DBB78AC2C1175D200210EC5 /* Project object */ = {
			isa = PBXProject;
			attributes = {
				BuildIndependentTargetsInParallel = 1;
				LastSwiftUpdateCheck = 1510;
				LastUpgradeCheck = 1510;
				TargetAttributes = {
					3DBB78B32C1175D200210EC5 = {
						CreatedOnToolsVersion = 15.1;
					};
				};
			};
			buildConfigurationList = 3DBB78AF2C1175D200210EC5 /* Build configuration list for PBXProject "MyCollecgWork" */;
			compatibilityVersion = "Xcode 14.0";
			developmentRegion = en;
			hasScannedForEncodings = 0;
			knownRegions = (
				en,
				Base,
			);
			mainGroup = 3DBB78AB2C1175D200210EC5;
			packageReferences = (
				3DBB78CB2C1175F100210EC5 /* XCRemoteSwiftPackageReference "SnapKit" */,
				3DBB78D02C11760500210EC5 /* XCRemoteSwiftPackageReference "SDWebImage" */,
				3DBB78D52C1176E500210EC5 /* XCRemoteSwiftPackageReference "firebase-ios-sdk" */,
			);
			productRefGroup = 3DBB78B52C1175D300210EC5 /* Products */;
			projectDirPath = "";
			projectRoot = "";
			targets = (
				3DBB78B32C1175D200210EC5 /* MyCollecgWork */,
			);
		};
/* End PBXProject section */

/* Begin PBXResourcesBuildPhase section */
		3DBB78B22C1175D200210EC5 /* Resources */ = {
			isa = PBXResourcesBuildPhase;
			buildActionMask = 2147483647;
			files = (
				3DBB78C42C1175D400210EC5 /* LaunchScreen.storyboard in Resources */,
				3DBB78C12C1175D400210EC5 /* Assets.xcassets in Resources */,
				3DBB790E2C1179B300210EC5 /* GoogleService-Info.plist in Resources */,
			);
			runOnlyForDeploymentPostprocessing = 0;
		};
/* End PBXResourcesBuildPhase section */

/* Begin PBXSourcesBuildPhase section */
		3DBB78B02C1175D200210EC5 /* Sources */ = {
			isa = PBXSourcesBuildPhase;
			buildActionMask = 2147483647;
			files = (
				3DBB79072C11789D00210EC5 /* UIKit + Extension.swift in Sources */,
				3DBB78F72C1177B800210EC5 /* PhotosCell.swift in Sources */,
				3DBB78FA2C1177B800210EC5 /* RegisterViewController.swift in Sources */,
				3DBB78B82C1175D300210EC5 /* AppDelegate.swift in Sources */,
				3DBB79042C11780000210EC5 /* NavigationViewController.swift in Sources */,
				3D5C1EEA2C136B5200AA9F79 /* SettingsViewController.swift in Sources */,
				3D5C1EEC2C13723800AA9F79 /* SettingTableViewCell.swift in Sources */,
				3DBB790B2C1178A400210EC5 /* NetworkService.swift in Sources */,
				3DBB790C2C1178A400210EC5 /* NetworkDataFetcher.swift in Sources */,
				3DBB78E82C11779800210EC5 /* Frontend.swift in Sources */,
				3DBB78FF2C1177C600210EC5 /* Users.swift in Sources */,
				3DBB79002C1177C600210EC5 /* SearchResults.swift in Sources */,
				3DBB78BA2C1175D300210EC5 /* SceneDelegate.swift in Sources */,
				3DBB78F42C1177B800210EC5 /* PhotosCollectionViewController.swift in Sources */,
				3DBB78E52C11778000210EC5 /* ErrorAllert.swift in Sources */,
				3DBB78F62C1177B800210EC5 /* LikesCollectionViewCell.swift in Sources */,
				3DBB79022C1177FA00210EC5 /* MainTabBarController.swift in Sources */,
				3DBB78F82C1177B800210EC5 /* WaterfallLayout.swift in Sources */,
				3DBB78F92C1177B800210EC5 /* LoginViewController.swift in Sources */,
				3DBB78F52C1177B800210EC5 /* LikesCollectionViewController.swift in Sources */,
			);
			runOnlyForDeploymentPostprocessing = 0;
		};
/* End PBXSourcesBuildPhase section */

/* Begin PBXVariantGroup section */
		3DBB78C22C1175D400210EC5 /* LaunchScreen.storyboard */ = {
			isa = PBXVariantGroup;
			children = (
				3DBB78C32C1175D400210EC5 /* Base */,
			);
			name = LaunchScreen.storyboard;
			sourceTree = "<group>";
		};
/* End PBXVariantGroup section */

/* Begin XCBuildConfiguration section */
		3DBB78C62C1175D400210EC5 /* Debug */ = {
			isa = XCBuildConfiguration;
			buildSettings = {
				ALWAYS_SEARCH_USER_PATHS = NO;
				ASSETCATALOG_COMPILER_GENERATE_SWIFT_ASSET_SYMBOL_EXTENSIONS = YES;
				CLANG_ANALYZER_NONNULL = YES;
				CLANG_ANALYZER_NUMBER_OBJECT_CONVERSION = YES_AGGRESSIVE;
				CLANG_CXX_LANGUAGE_STANDARD = "gnu++20";
				CLANG_ENABLE_MODULES = YES;
				CLANG_ENABLE_OBJC_ARC = YES;
				CLANG_ENABLE_OBJC_WEAK = YES;
				CLANG_WARN_BLOCK_CAPTURE_AUTORELEASING = YES;
				CLANG_WARN_BOOL_CONVERSION = YES;
				CLANG_WARN_COMMA = YES;
				CLANG_WARN_CONSTANT_CONVERSION = YES;
				CLANG_WARN_DEPRECATED_OBJC_IMPLEMENTATIONS = YES;
				CLANG_WARN_DIRECT_OBJC_ISA_USAGE = YES_ERROR;
				CLANG_WARN_DOCUMENTATION_COMMENTS = YES;
				CLANG_WARN_EMPTY_BODY = YES;
				CLANG_WARN_ENUM_CONVERSION = YES;
				CLANG_WARN_INFINITE_RECURSION = YES;
				CLANG_WARN_INT_CONVERSION = YES;
				CLANG_WARN_NON_LITERAL_NULL_CONVERSION = YES;
				CLANG_WARN_OBJC_IMPLICIT_RETAIN_SELF = YES;
				CLANG_WARN_OBJC_LITERAL_CONVERSION = YES;
				CLANG_WARN_OBJC_ROOT_CLASS = YES_ERROR;
				CLANG_WARN_QUOTED_INCLUDE_IN_FRAMEWORK_HEADER = YES;
				CLANG_WARN_RANGE_LOOP_ANALYSIS = YES;
				CLANG_WARN_STRICT_PROTOTYPES = YES;
				CLANG_WARN_SUSPICIOUS_MOVE = YES;
				CLANG_WARN_UNGUARDED_AVAILABILITY = YES_AGGRESSIVE;
				CLANG_WARN_UNREACHABLE_CODE = YES;
				CLANG_WARN__DUPLICATE_METHOD_MATCH = YES;
				COPY_PHASE_STRIP = NO;
				DEBUG_INFORMATION_FORMAT = dwarf;
				ENABLE_STRICT_OBJC_MSGSEND = YES;
				ENABLE_TESTABILITY = YES;
				ENABLE_USER_SCRIPT_SANDBOXING = YES;
				GCC_C_LANGUAGE_STANDARD = gnu17;
				GCC_DYNAMIC_NO_PIC = NO;
				GCC_NO_COMMON_BLOCKS = YES;
				GCC_OPTIMIZATION_LEVEL = 0;
				GCC_PREPROCESSOR_DEFINITIONS = (
					"DEBUG=1",
					"$(inherited)",
				);
				GCC_WARN_64_TO_32_BIT_CONVERSION = YES;
				GCC_WARN_ABOUT_RETURN_TYPE = YES_ERROR;
				GCC_WARN_UNDECLARED_SELECTOR = YES;
				GCC_WARN_UNINITIALIZED_AUTOS = YES_AGGRESSIVE;
				GCC_WARN_UNUSED_FUNCTION = YES;
				GCC_WARN_UNUSED_VARIABLE = YES;
				IPHONEOS_DEPLOYMENT_TARGET = 17.2;
				LOCALIZATION_PREFERS_STRING_CATALOGS = YES;
				MTL_ENABLE_DEBUG_INFO = INCLUDE_SOURCE;
				MTL_FAST_MATH = YES;
				ONLY_ACTIVE_ARCH = YES;
				SDKROOT = iphoneos;
				SWIFT_ACTIVE_COMPILATION_CONDITIONS = "DEBUG $(inherited)";
				SWIFT_OPTIMIZATION_LEVEL = "-Onone";
			};
			name = Debug;
		};
		3DBB78C72C1175D400210EC5 /* Release */ = {
			isa = XCBuildConfiguration;
			buildSettings = {
				ALWAYS_SEARCH_USER_PATHS = NO;
				ASSETCATALOG_COMPILER_GENERATE_SWIFT_ASSET_SYMBOL_EXTENSIONS = YES;
				CLANG_ANALYZER_NONNULL = YES;
				CLANG_ANALYZER_NUMBER_OBJECT_CONVERSION = YES_AGGRESSIVE;
				CLANG_CXX_LANGUAGE_STANDARD = "gnu++20";
				CLANG_ENABLE_MODULES = YES;
				CLANG_ENABLE_OBJC_ARC = YES;
				CLANG_ENABLE_OBJC_WEAK = YES;
				CLANG_WARN_BLOCK_CAPTURE_AUTORELEASING = YES;
				CLANG_WARN_BOOL_CONVERSION = YES;
				CLANG_WARN_COMMA = YES;
				CLANG_WARN_CONSTANT_CONVERSION = YES;
				CLANG_WARN_DEPRECATED_OBJC_IMPLEMENTATIONS = YES;
				CLANG_WARN_DIRECT_OBJC_ISA_USAGE = YES_ERROR;
				CLANG_WARN_DOCUMENTATION_COMMENTS = YES;
				CLANG_WARN_EMPTY_BODY = YES;
				CLANG_WARN_ENUM_CONVERSION = YES;
				CLANG_WARN_INFINITE_RECURSION = YES;
				CLANG_WARN_INT_CONVERSION = YES;
				CLANG_WARN_NON_LITERAL_NULL_CONVERSION = YES;
				CLANG_WARN_OBJC_IMPLICIT_RETAIN_SELF = YES;
				CLANG_WARN_OBJC_LITERAL_CONVERSION = YES;
				CLANG_WARN_OBJC_ROOT_CLASS = YES_ERROR;
				CLANG_WARN_QUOTED_INCLUDE_IN_FRAMEWORK_HEADER = YES;
				CLANG_WARN_RANGE_LOOP_ANALYSIS = YES;
				CLANG_WARN_STRICT_PROTOTYPES = YES;
				CLANG_WARN_SUSPICIOUS_MOVE = YES;
				CLANG_WARN_UNGUARDED_AVAILABILITY = YES_AGGRESSIVE;
				CLANG_WARN_UNREACHABLE_CODE = YES;
				CLANG_WARN__DUPLICATE_METHOD_MATCH = YES;
				COPY_PHASE_STRIP = NO;
				DEBUG_INFORMATION_FORMAT = "dwarf-with-dsym";
				ENABLE_NS_ASSERTIONS = NO;
				ENABLE_STRICT_OBJC_MSGSEND = YES;
				ENABLE_USER_SCRIPT_SANDBOXING = YES;
				GCC_C_LANGUAGE_STANDARD = gnu17;
				GCC_NO_COMMON_BLOCKS = YES;
				GCC_WARN_64_TO_32_BIT_CONVERSION = YES;
				GCC_WARN_ABOUT_RETURN_TYPE = YES_ERROR;
				GCC_WARN_UNDECLARED_SELECTOR = YES;
				GCC_WARN_UNINITIALIZED_AUTOS = YES_AGGRESSIVE;
				GCC_WARN_UNUSED_FUNCTION = YES;
				GCC_WARN_UNUSED_VARIABLE = YES;
				IPHONEOS_DEPLOYMENT_TARGET = 17.2;
				LOCALIZATION_PREFERS_STRING_CATALOGS = YES;
				MTL_ENABLE_DEBUG_INFO = NO;
				MTL_FAST_MATH = YES;
				SDKROOT = iphoneos;
				SWIFT_COMPILATION_MODE = wholemodule;
				VALIDATE_PRODUCT = YES;
			};
			name = Release;
		};
		3DBB78C92C1175D400210EC5 /* Debug */ = {
			isa = XCBuildConfiguration;
			buildSettings = {
				ASSETCATALOG_COMPILER_APPICON_NAME = AppIcon;
				ASSETCATALOG_COMPILER_GLOBAL_ACCENT_COLOR_NAME = AccentColor;
				CODE_SIGN_STYLE = Automatic;
				CURRENT_PROJECT_VERSION = 1;
				DEVELOPMENT_TEAM = KW62Q33BY4;
				GENERATE_INFOPLIST_FILE = YES;
				INFOPLIST_FILE = MyCollecgWork/Info.plist;
				INFOPLIST_KEY_UIApplicationSupportsIndirectInputEvents = YES;
				INFOPLIST_KEY_UILaunchStoryboardName = LaunchScreen;
				INFOPLIST_KEY_UISupportedInterfaceOrientations_iPad = "UIInterfaceOrientationPortrait UIInterfaceOrientationPortraitUpsideDown UIInterfaceOrientationLandscapeLeft UIInterfaceOrientationLandscapeRight";
				INFOPLIST_KEY_UISupportedInterfaceOrientations_iPhone = "UIInterfaceOrientationPortrait UIInterfaceOrientationLandscapeLeft UIInterfaceOrientationLandscapeRight";
				LD_RUNPATH_SEARCH_PATHS = (
					"$(inherited)",
					"@executable_path/Frameworks",
				);
				MARKETING_VERSION = 1.0;
				PRODUCT_BUNDLE_IDENTIFIER = adik.MyCollecgWork;
				PRODUCT_NAME = "$(TARGET_NAME)";
				SWIFT_EMIT_LOC_STRINGS = YES;
				SWIFT_VERSION = 5.0;
				TARGETED_DEVICE_FAMILY = "1,2";
			};
			name = Debug;
		};
		3DBB78CA2C1175D400210EC5 /* Release */ = {
			isa = XCBuildConfiguration;
			buildSettings = {
				ASSETCATALOG_COMPILER_APPICON_NAME = AppIcon;
				ASSETCATALOG_COMPILER_GLOBAL_ACCENT_COLOR_NAME = AccentColor;
				CODE_SIGN_STYLE = Automatic;
				CURRENT_PROJECT_VERSION = 1;
				DEVELOPMENT_TEAM = KW62Q33BY4;
				GENERATE_INFOPLIST_FILE = YES;
				INFOPLIST_FILE = MyCollecgWork/Info.plist;
				INFOPLIST_KEY_UIApplicationSupportsIndirectInputEvents = YES;
				INFOPLIST_KEY_UILaunchStoryboardName = LaunchScreen;
				INFOPLIST_KEY_UISupportedInterfaceOrientations_iPad = "UIInterfaceOrientationPortrait UIInterfaceOrientationPortraitUpsideDown UIInterfaceOrientationLandscapeLeft UIInterfaceOrientationLandscapeRight";
				INFOPLIST_KEY_UISupportedInterfaceOrientations_iPhone = "UIInterfaceOrientationPortrait UIInterfaceOrientationLandscapeLeft UIInterfaceOrientationLandscapeRight";
				LD_RUNPATH_SEARCH_PATHS = (
					"$(inherited)",
					"@executable_path/Frameworks",
				);
				MARKETING_VERSION = 1.0;
				PRODUCT_BUNDLE_IDENTIFIER = adik.MyCollecgWork;
				PRODUCT_NAME = "$(TARGET_NAME)";
				SWIFT_EMIT_LOC_STRINGS = YES;
				SWIFT_VERSION = 5.0;
				TARGETED_DEVICE_FAMILY = "1,2";
			};
			name = Release;
		};
/* End XCBuildConfiguration section */

/* Begin XCConfigurationList section */
		3DBB78AF2C1175D200210EC5 /* Build configuration list for PBXProject "MyCollecgWork" */ = {
			isa = XCConfigurationList;
			buildConfigurations = (
				3DBB78C62C1175D400210EC5 /* Debug */,
				3DBB78C72C1175D400210EC5 /* Release */,
			);
			defaultConfigurationIsVisible = 0;
			defaultConfigurationName = Release;
		};
		3DBB78C82C1175D400210EC5 /* Build configuration list for PBXNativeTarget "MyCollecgWork" */ = {
			isa = XCConfigurationList;
			buildConfigurations = (
				3DBB78C92C1175D400210EC5 /* Debug */,
				3DBB78CA2C1175D400210EC5 /* Release */,
			);
			defaultConfigurationIsVisible = 0;
			defaultConfigurationName = Release;
		};
/* End XCConfigurationList section */

/* Begin XCRemoteSwiftPackageReference section */
		3DBB78CB2C1175F100210EC5 /* XCRemoteSwiftPackageReference "SnapKit" */ = {
			isa = XCRemoteSwiftPackageReference;
			repositoryURL = "https://github.com/SnapKit/SnapKit";
			requirement = {
				kind = upToNextMajorVersion;
				minimumVersion = 5.7.1;
			};
		};
		3DBB78D02C11760500210EC5 /* XCRemoteSwiftPackageReference "SDWebImage" */ = {
			isa = XCRemoteSwiftPackageReference;
			repositoryURL = "https://github.com/SDWebImage/SDWebImage.git";
			requirement = {
				kind = upToNextMajorVersion;
				minimumVersion = 5.19.3;
			};
		};
		3DBB78D52C1176E500210EC5 /* XCRemoteSwiftPackageReference "firebase-ios-sdk" */ = {
			isa = XCRemoteSwiftPackageReference;
			repositoryURL = "https://github.com/firebase/firebase-ios-sdk.git";
			requirement = {
				kind = upToNextMajorVersion;
				minimumVersion = 10.27.0;
			};
		};
/* End XCRemoteSwiftPackageReference section */

/* Begin XCSwiftPackageProductDependency section */
		3DBB78CC2C1175F100210EC5 /* SnapKit */ = {
			isa = XCSwiftPackageProductDependency;
			package = 3DBB78CB2C1175F100210EC5 /* XCRemoteSwiftPackageReference "SnapKit" */;
			productName = SnapKit;
		};
		3DBB78CE2C1175F100210EC5 /* SnapKit-Dynamic */ = {
			isa = XCSwiftPackageProductDependency;
			package = 3DBB78CB2C1175F100210EC5 /* XCRemoteSwiftPackageReference "SnapKit" */;
			productName = "SnapKit-Dynamic";
		};
		3DBB78D12C11760500210EC5 /* SDWebImage */ = {
			isa = XCSwiftPackageProductDependency;
			package = 3DBB78D02C11760500210EC5 /* XCRemoteSwiftPackageReference "SDWebImage" */;
			productName = SDWebImage;
		};
		3DBB78D32C11760500210EC5 /* SDWebImageMapKit */ = {
			isa = XCSwiftPackageProductDependency;
			package = 3DBB78D02C11760500210EC5 /* XCRemoteSwiftPackageReference "SDWebImage" */;
			productName = SDWebImageMapKit;
		};
		3DBB78D62C1176E500210EC5 /* FirebaseAnalytics */ = {
			isa = XCSwiftPackageProductDependency;
			package = 3DBB78D52C1176E500210EC5 /* XCRemoteSwiftPackageReference "firebase-ios-sdk" */;
			productName = FirebaseAnalytics;
		};
		3DBB78D82C1176E500210EC5 /* FirebaseAnalyticsOnDeviceConversion */ = {
			isa = XCSwiftPackageProductDependency;
			package = 3DBB78D52C1176E500210EC5 /* XCRemoteSwiftPackageReference "firebase-ios-sdk" */;
			productName = FirebaseAnalyticsOnDeviceConversion;
		};
		3DBB78DA2C1176E500210EC5 /* FirebaseAnalyticsSwift */ = {
			isa = XCSwiftPackageProductDependency;
			package = 3DBB78D52C1176E500210EC5 /* XCRemoteSwiftPackageReference "firebase-ios-sdk" */;
			productName = FirebaseAnalyticsSwift;
		};
		3DBB78DC2C1176E500210EC5 /* FirebaseAnalyticsWithoutAdIdSupport */ = {
			isa = XCSwiftPackageProductDependency;
			package = 3DBB78D52C1176E500210EC5 /* XCRemoteSwiftPackageReference "firebase-ios-sdk" */;
			productName = FirebaseAnalyticsWithoutAdIdSupport;
		};
		3DBB78DE2C1176E500210EC5 /* FirebaseAppCheck */ = {
			isa = XCSwiftPackageProductDependency;
			package = 3DBB78D52C1176E500210EC5 /* XCRemoteSwiftPackageReference "firebase-ios-sdk" */;
			productName = FirebaseAppCheck;
		};
		3DBB78E12C11770300210EC5 /* FirebaseAuth */ = {
			isa = XCSwiftPackageProductDependency;
			package = 3DBB78D52C1176E500210EC5 /* XCRemoteSwiftPackageReference "firebase-ios-sdk" */;
			productName = FirebaseAuth;
		};
/* End XCSwiftPackageProductDependency section */
	};
	rootObject = 3DBB78AC2C1175D200210EC5 /* Project object */;
}
